
Microsoft Visual Studio Solution File, Format Version 12.00
# Visual Studio Version 17
VisualStudioVersion = 17.0.32112.339
MinimumVisualStudioVersion = 10.0.40219.1
Project("{8BC9CEB8-8B4A-11D0-8D11-00A0C91BC942}") = "Task1", "Task1.vcxproj", "{AAF90F66-26DA-4C59-AAC5-23504245422F}"
EndProject
Project("{8BC9CEB8-8B4A-11D0-8D11-00A0C91BC942}") = "Linktesting", "..\Linktesting\Linktesting.vcxproj", "{A2D69DF7-C6AD-43E0-98D3-88B9927FC125}"
EndProject
Project("{8BC9CEB8-8B4A-11D0-8D11-00A0C91BC942}") = "ConstExercise", "..\ConstExercise\ConstExercise.vcxproj", "{8FF66F74-A2A7-422C-B306-26E3D377D969}"
EndProject
Project("{8BC9CEB8-8B4A-11D0-8D11-00A0C91BC942}") = "Exercises", "..\Exercises\Exercises.vcxproj", "{E5CE0A8D-144C-441A-AE90-025AD5732E8D}"
EndProject
Project("{8BC9CEB8-8B4A-11D0-8D11-00A0C91BC942}") = "KahootStuff", "..\KahootStuff\KahootStuff.vcxproj", "{23701E5E-5724-4B8E-BA6D-76D4003DB822}"
EndProject
Global
	GlobalSection(SolutionConfigurationPlatforms) = preSolution
		Debug|x64 = Debug|x64
		Debug|x86 = Debug|x86
		Release|x64 = Release|x64
		Release|x86 = Release|x86
	EndGlobalSection
	GlobalSection(ProjectConfigurationPlatforms) = postSolution
		{AAF90F66-26DA-4C59-AAC5-23504245422F}.Debug|x64.ActiveCfg = Debug|x64
		{AAF90F66-26DA-4C59-AAC5-23504245422F}.Debug|x64.Build.0 = Debug|x64
		{AAF90F66-26DA-4C59-AAC5-23504245422F}.Debug|x86.ActiveCfg = Debug|Win32
		{AAF90F66-26DA-4C59-AAC5-23504245422F}.Debug|x86.Build.0 = Debug|Win32
		{AAF90F66-26DA-4C59-AAC5-23504245422F}.Release|x64.ActiveCfg = Release|x64
		{AAF90F66-26DA-4C59-AAC5-23504245422F}.Release|x64.Build.0 = Release|x64
		{AAF90F66-26DA-4C59-AAC5-23504245422F}.Release|x86.ActiveCfg = Release|Win32
		{AAF90F66-26DA-4C59-AAC5-23504245422F}.Release|x86.Build.0 = Release|Win32
		{A2D69DF7-C6AD-43E0-98D3-88B9927FC125}.Debug|x64.ActiveCfg = Debug|x64
		{A2D69DF7-C6AD-43E0-98D3-88B9927FC125}.Debug|x64.Build.0 = Debug|x64
		{A2D69DF7-C6AD-43E0-98D3-88B9927FC125}.Debug|x86.ActiveCfg = Debug|Win32
		{A2D69DF7-C6AD-43E0-98D3-88B9927FC125}.Debug|x86.Build.0 = Debug|Win32
		{A2D69DF7-C6AD-43E0-98D3-88B9927FC125}.Release|x64.ActiveCfg = Release|x64
		{A2D69DF7-C6AD-43E0-98D3-88B9927FC125}.Release|x64.Build.0 = Release|x64
		{A2D69DF7-C6AD-43E0-98D3-88B9927FC125}.Release|x86.ActiveCfg = Release|Win32
		{A2D69DF7-C6AD-43E0-98D3-88B9927FC125}.Release|x86.Build.0 = Release|Win32
		{8FF66F74-A2A7-422C-B306-26E3D377D969}.Debug|x64.ActiveCfg = Debug|x64
		{8FF66F74-A2A7-422C-B306-26E3D377D969}.Debug|x64.Build.0 = Debug|x64
		{8FF66F74-A2A7-422C-B306-26E3D377D969}.Debug|x86.ActiveCfg = Debug|Win32
		{8FF66F74-A2A7-422C-B306-26E3D377D969}.Debug|x86.Build.0 = Debug|Win32
		{8FF66F74-A2A7-422C-B306-26E3D377D969}.Release|x64.ActiveCfg = Release|x64
		{8FF66F74-A2A7-422C-B306-26E3D377D969}.Release|x64.Build.0 = Release|x64
		{8FF66F74-A2A7-422C-B306-26E3D377D969}.Release|x86.ActiveCfg = Release|Win32
		{8FF66F74-A2A7-422C-B306-26E3D377D969}.Release|x86.Build.0 = Release|Win32
		{E5CE0A8D-144C-441A-AE90-025AD5732E8D}.Debug|x64.ActiveCfg = Debug|x64
		{E5CE0A8D-144C-441A-AE90-025AD5732E8D}.Debug|x64.Build.0 = Debug|x64
		{E5CE0A8D-144C-441A-AE90-025AD5732E8D}.Debug|x86.ActiveCfg = Debug|Win32
		{E5CE0A8D-144C-441A-AE90-025AD5732E8D}.Debug|x86.Build.0 = Debug|Win32
		{E5CE0A8D-144C-441A-AE90-025AD5732E8D}.Release|x64.ActiveCfg = Release|x64
		{E5CE0A8D-144C-441A-AE90-025AD5732E8D}.Release|x64.Build.0 = Release|x64
		{E5CE0A8D-144C-441A-AE90-025AD5732E8D}.Release|x86.ActiveCfg = Release|Win32
		{E5CE0A8D-144C-441A-AE90-025AD5732E8D}.Release|x86.Build.0 = Release|Win32
		{23701E5E-5724-4B8E-BA6D-76D4003DB822}.Debug|x64.ActiveCfg = Debug|x64
		{23701E5E-5724-4B8E-BA6D-76D4003DB822}.Debug|x64.Build.0 = Debug|x64
		{23701E5E-5724-4B8E-BA6D-76D4003DB822}.Debug|x86.ActiveCfg = Debug|Win32
		{23701E5E-5724-4B8E-BA6D-76D4003DB822}.Debug|x86.Build.0 = Debug|Win32
		{23701E5E-5724-4B8E-BA6D-76D4003DB822}.Release|x64.ActiveCfg = Release|x64
		{23701E5E-5724-4B8E-BA6D-76D4003DB822}.Release|x64.Build.0 = Release|x64
		{23701E5E-5724-4B8E-BA6D-76D4003DB822}.Release|x86.ActiveCfg = Release|Win32
		{23701E5E-5724-4B8E-BA6D-76D4003DB822}.Release|x86.Build.0 = Release|Win32
	EndGlobalSection
	GlobalSection(SolutionProperties) = preSolution
		HideSolutionNode = FALSE
	EndGlobalSection
	GlobalSection(ExtensibilityGlobals) = postSolution
		SolutionGuid = {2F038984-563C-4F15-8FE7-2BFF55ACED9D}
	EndGlobalSection
EndGlobal
